
Microsoft Visual Studio Solution File, Format Version 12.00
# Visual Studio Version 17
VisualStudioVersion = 17.4.33213.308
MinimumVisualStudioVersion = 10.0.40219.1
Project("{9A19103F-16F7-4668-BE54-9A1E7A4F7556}") = "MyErp.Application", "MyErp.Application\MyErp.Application.csproj", "{A0B4A985-6B16-492A-9E20-EF96917E2CEF}"
EndProject
Project("{9A19103F-16F7-4668-BE54-9A1E7A4F7556}") = "MyErp.Business", "MyErp.Business\MyErp.Business.csproj", "{9C2EF560-D573-4BA3-946B-44DF6A30149B}"
EndProject
Project("{9A19103F-16F7-4668-BE54-9A1E7A4F7556}") = "MyErp.Business.Interfaces", "MyErp.Business.Interfaces\MyErp.Business.Interfaces.csproj", "{AB838F01-B391-4BAE-84B8-E7CEBA018941}"
EndProject
Project("{9A19103F-16F7-4668-BE54-9A1E7A4F7556}") = "MyErp.DAL", "MyErp.DAL\MyErp.DAL.csproj", "{40BCCEC0-A3B1-4B39-94D7-4ECBF6E5B2C3}"
EndProject
Project("{9A19103F-16F7-4668-BE54-9A1E7A4F7556}") = "MyErp.PrintService", "MyErp.PrintService\MyErp.PrintService.csproj", "{C022C590-3F0A-4778-A5B9-7BA8DB4449FB}"
EndProject
Project("{9A19103F-16F7-4668-BE54-9A1E7A4F7556}") = "MyErp.Application.Models", "MyErp.Application.Models\MyErp.Application.Models.csproj", "{2F0F880C-01F7-45EC-9BF2-16A554E7CBEB}"
EndProject
Global
	GlobalSection(SolutionConfigurationPlatforms) = preSolution
		Debug|Any CPU = Debug|Any CPU
		Release|Any CPU = Release|Any CPU
	EndGlobalSection
	GlobalSection(ProjectConfigurationPlatforms) = postSolution
		{A0B4A985-6B16-492A-9E20-EF96917E2CEF}.Debug|Any CPU.ActiveCfg = Debug|Any CPU
		{A0B4A985-6B16-492A-9E20-EF96917E2CEF}.Debug|Any CPU.Build.0 = Debug|Any CPU
		{A0B4A985-6B16-492A-9E20-EF96917E2CEF}.Release|Any CPU.ActiveCfg = Release|Any CPU
		{A0B4A985-6B16-492A-9E20-EF96917E2CEF}.Release|Any CPU.Build.0 = Release|Any CPU
		{9C2EF560-D573-4BA3-946B-44DF6A30149B}.Debug|Any CPU.ActiveCfg = Debug|Any CPU
		{9C2EF560-D573-4BA3-946B-44DF6A30149B}.Debug|Any CPU.Build.0 = Debug|Any CPU
		{9C2EF560-D573-4BA3-946B-44DF6A30149B}.Release|Any CPU.ActiveCfg = Release|Any CPU
		{9C2EF560-D573-4BA3-946B-44DF6A30149B}.Release|Any CPU.Build.0 = Release|Any CPU
		{AB838F01-B391-4BAE-84B8-E7CEBA018941}.Debug|Any CPU.ActiveCfg = Debug|Any CPU
		{AB838F01-B391-4BAE-84B8-E7CEBA018941}.Debug|Any CPU.Build.0 = Debug|Any CPU
		{AB838F01-B391-4BAE-84B8-E7CEBA018941}.Release|Any CPU.ActiveCfg = Release|Any CPU
		{AB838F01-B391-4BAE-84B8-E7CEBA018941}.Release|Any CPU.Build.0 = Release|Any CPU
		{40BCCEC0-A3B1-4B39-94D7-4ECBF6E5B2C3}.Debug|Any CPU.ActiveCfg = Debug|Any CPU
		{40BCCEC0-A3B1-4B39-94D7-4ECBF6E5B2C3}.Debug|Any CPU.Build.0 = Debug|Any CPU
		{40BCCEC0-A3B1-4B39-94D7-4ECBF6E5B2C3}.Release|Any CPU.ActiveCfg = Release|Any CPU
		{40BCCEC0-A3B1-4B39-94D7-4ECBF6E5B2C3}.Release|Any CPU.Build.0 = Release|Any CPU
		{C022C590-3F0A-4778-A5B9-7BA8DB4449FB}.Debug|Any CPU.ActiveCfg = Debug|Any CPU
		{C022C590-3F0A-4778-A5B9-7BA8DB4449FB}.Debug|Any CPU.Build.0 = Debug|Any CPU
		{C022C590-3F0A-4778-A5B9-7BA8DB4449FB}.Release|Any CPU.ActiveCfg = Release|Any CPU
		{C022C590-3F0A-4778-A5B9-7BA8DB4449FB}.Release|Any CPU.Build.0 = Release|Any CPU
		{2F0F880C-01F7-45EC-9BF2-16A554E7CBEB}.Debug|Any CPU.ActiveCfg = Debug|Any CPU
		{2F0F880C-01F7-45EC-9BF2-16A554E7CBEB}.Debug|Any CPU.Build.0 = Debug|Any CPU
		{2F0F880C-01F7-45EC-9BF2-16A554E7CBEB}.Release|Any CPU.ActiveCfg = Release|Any CPU
		{2F0F880C-01F7-45EC-9BF2-16A554E7CBEB}.Release|Any CPU.Build.0 = Release|Any CPU
	EndGlobalSection
	GlobalSection(SolutionProperties) = preSolution
		HideSolutionNode = FALSE
	EndGlobalSection
	GlobalSection(ExtensibilityGlobals) = postSolution
		SolutionGuid = {CEC61A0B-56D0-4120-84A7-D9F5AAFAE73A}
	EndGlobalSection
EndGlobal
